# THIS IS AN AUTOGENERATED FILE. DO NOT EDIT THIS FILE DIRECTLY.
# yarn lockfile v1


"@glimmer/env@0.1.7":
  version "0.1.7"
  resolved "https://registry.yarnpkg.com/@glimmer/env/-/env-0.1.7.tgz#fd2d2b55a9029c6b37a6c935e8c8871ae70dfa07"
  integrity sha512-JKF/a9I9jw6fGoz8kA7LEQslrwJ5jms5CXhu/aqkBWk+PmZ6pTl8mlb/eJ/5ujBGTiQzBhy5AIWF712iA+4/mw==

"@glimmer/interfaces@0.84.3":
  version "0.84.3"
  resolved "https://registry.yarnpkg.com/@glimmer/interfaces/-/interfaces-0.84.3.tgz#629777a4abe373b0785656f6c8d08989f5784805"
  integrity sha512-dk32ykoNojt0mvEaIW6Vli5MGTbQo58uy3Epj7ahCgTHmWOKuw/0G83f2UmFprRwFx689YTXG38I/vbpltEjzg==
  dependencies:
    "@simple-dom/interface" "^1.4.0"

"@glimmer/syntax@^0.84.3":
  version "0.84.3"
  resolved "https://registry.yarnpkg.com/@glimmer/syntax/-/syntax-0.84.3.tgz#4045a1708cef7fd810cff42fe6deeba40c7286d0"
  integrity sha512-ioVbTic6ZisLxqTgRBL2PCjYZTFIwobifCustrozRU2xGDiYvVIL0vt25h2c1ioDsX59UgVlDkIK4YTAQQSd2A==
  dependencies:
    "@glimmer/interfaces" "0.84.3"
    "@glimmer/util" "0.84.3"
    "@handlebars/parser" "~2.0.0"
    simple-html-tokenizer "^0.5.11"

"@glimmer/util@0.84.3":
  version "0.84.3"
  resolved "https://registry.yarnpkg.com/@glimmer/util/-/util-0.84.3.tgz#9ae0166982c0b48aa94b02d6ba8c2c81976ade4b"
  integrity sha512-qFkh6s16ZSRuu2rfz3T4Wp0fylFj3HBsONGXQcrAdZjdUaIS6v3pNj6mecJ71qRgcym9Hbaq/7/fefIwECUiKw==
  dependencies:
    "@glimmer/env" "0.1.7"
    "@glimmer/interfaces" "0.84.3"
    "@simple-dom/interface" "^1.4.0"

"@glint/core@^1.4.0":
  version "1.4.0"
  resolved "https://registry.yarnpkg.com/@glint/core/-/core-1.4.0.tgz#cc977d295788dd25fa3049830abc2c8044ec4a74"
  integrity sha512-nq27a/1R6kc3lsuciz8z9IZO1NQCbNkEBxf5KJI7AUrnps6RzQzmq3pmwO24zQYmFcH4sqpod8fleNIpg8YEqg==
  dependencies:
    "@glimmer/syntax" "^0.84.3"
    escape-string-regexp "^4.0.0"
    semver "^7.5.2"
    silent-error "^1.1.1"
    uuid "^8.3.2"
    vscode-languageserver "^8.0.1"
    vscode-languageserver-textdocument "^1.0.5"
    vscode-uri "^3.0.8"
    yargs "^17.5.1"

"@glint/typescript-plugin@link:../packages/typescript-plugin":
  version "0.0.0"
  uid ""

"@handlebars/parser@~2.0.0":
  version "2.0.0"
  resolved "https://registry.yarnpkg.com/@handlebars/parser/-/parser-2.0.0.tgz#5e8b7298f31ff8f7b260e6b7363c7e9ceed7d9c5"
  integrity sha512-EP9uEDZv/L5Qh9IWuMUGJRfwhXJ4h1dqKTT4/3+tY0eu7sPis7xh23j61SYUnNF4vqCQvvUXpDo9Bh/+q1zASA==

"@simple-dom/interface@^1.4.0":
  version "1.4.0"
  resolved "https://registry.yarnpkg.com/@simple-dom/interface/-/interface-1.4.0.tgz#e8feea579232017f89b0138e2726facda6fbb71f"
  integrity sha512-l5qumKFWU0S+4ZzMaLXFU8tQZsicHEMEyAxI5kDFGhJsRqDwe0a7/iPA/GdxlGyDKseQQAgIz5kzU7eXTrlSpA==

"@volar/language-core@2.4.0-alpha.14":
  version "2.4.0-alpha.14"
  resolved "https://registry.yarnpkg.com/@volar/language-core/-/language-core-2.4.0-alpha.14.tgz#e99c8517dc34a95369c95ba562bd2d90e6012f34"
  integrity sha512-R6eJcUKo/KftaWHwJrWjBgj/+vW9g4xTByVQEK3IHTciMKmomoSbxaNqolu1/sJKbH9Tdg0EAqTFqIzKU9iQHw==
  dependencies:
    "@volar/source-map" "2.4.0-alpha.14"

"@volar/source-map@2.4.0-alpha.14":
  version "2.4.0-alpha.14"
  resolved "https://registry.yarnpkg.com/@volar/source-map/-/source-map-2.4.0-alpha.14.tgz#4f6c753887de4ca3643f9676951c0ca07b7b9345"
  integrity sha512-ACOsoDKvW29BIfdfnvQkm8S1m/RLARuHL9x7qS/9c6liMl1K0Y3RqXuC42HhWrWBm4hk0UyRKgdnv2R0teXPvg==

"@volar/typescript@2.4.0-alpha.14":
  version "2.4.0-alpha.14"
  resolved "https://registry.yarnpkg.com/@volar/typescript/-/typescript-2.4.0-alpha.14.tgz#70618cedcf764d140439cc0b9675be43b927ada6"
  integrity sha512-FQtQruOc7qQwcq5Q666pxF6ekRqZG5ILL3sS40Oac1V69QdAZ7q+IOQ2+z6SHJDENY49ygBv0hN9HrxRLtk15Q==
  dependencies:
    "@volar/language-core" "2.4.0-alpha.14"
    path-browserify "^1.0.1"
    vscode-uri "^3.0.8"

ansi-regex@^5.0.1:
  version "5.0.1"
  resolved "https://registry.yarnpkg.com/ansi-regex/-/ansi-regex-5.0.1.tgz#082cb2c89c9fe8659a311a53bd6a4dc5301db304"
  integrity sha512-quJQXlTSUGL2LH9SUXo8VwsY4soanhgo6LNSm84E1LBcE8s3O0wpdiRzyR9z/ZZJMlMWv37qOOb9pdJlMUEKFQ==

ansi-styles@^4.0.0:
  version "4.3.0"
  resolved "https://registry.yarnpkg.com/ansi-styles/-/ansi-styles-4.3.0.tgz#edd803628ae71c04c85ae7a0906edad34b648937"
  integrity sha512-zbB9rCJAT1rbjiVDb2hqKFHNYLxgtk8NURxZ3IZwD3F6NtxbXZQCnnSi1Lkx+IDohdPlFp222wVALIheZJQSEg==
  dependencies:
    color-convert "^2.0.1"

cliui@^8.0.1:
  version "8.0.1"
  resolved "https://registry.yarnpkg.com/cliui/-/cliui-8.0.1.tgz#0c04b075db02cbfe60dc8e6cf2f5486b1a3608aa"
  integrity sha512-BSeNnyus75C4//NQ9gQt1/csTXyo/8Sb+afLAkzAptFuMsod9HFokGNudZpi/oQV73hnVK+sR+5PVRMd+Dr7YQ==
  dependencies:
    string-width "^4.2.0"
    strip-ansi "^6.0.1"
    wrap-ansi "^7.0.0"

color-convert@^2.0.1:
  version "2.0.1"
  resolved "https://registry.yarnpkg.com/color-convert/-/color-convert-2.0.1.tgz#72d3a68d598c9bdb3af2ad1e84f21d896abd4de3"
  integrity sha512-RRECPsj7iu/xb5oKYcsFHSppFNnsj/52OVTRKb4zP5onXwVF3zVmmToNcOfGC+CRDpfK/U584fMg38ZHCaElKQ==
  dependencies:
    color-name "~1.1.4"

color-name@~1.1.4:
  version "1.1.4"
  resolved "https://registry.yarnpkg.com/color-name/-/color-name-1.1.4.tgz#c2a09a87acbde69543de6f63fa3995c826c536a2"
  integrity sha512-dOy+3AuW3a2wNbZHIuMZpTcgjGuLU/uBL/ubcZF9OXbDo8ff4O8yVp5Bf0efS8uEoYo5q4Fx7dY9OgQGXgAsQA==

debug@^2.2.0:
  version "2.6.9"
  resolved "https://registry.yarnpkg.com/debug/-/debug-2.6.9.tgz#5d128515df134ff327e90a4c93f4e077a536341f"
  integrity sha512-bC7ElrdJaJnPbAP+1EotYvqZsb3ecl5wi6Bfi6BJTUcNowp6cvspg0jXznRTKDjm/E7AdgFBVeAPVMNcKGsHMA==
  dependencies:
    ms "2.0.0"

emoji-regex@^8.0.0:
  version "8.0.0"
  resolved "https://registry.yarnpkg.com/emoji-regex/-/emoji-regex-8.0.0.tgz#e818fd69ce5ccfcb404594f842963bf53164cc37"
  integrity sha512-MSjYzcWNOA0ewAHpz0MxpYFvwg6yjy1NG3xteoqz644VCo/RPgnr1/GGt+ic3iJTzQ8Eu3TdM14SawnVUmGE6A==

escalade@^3.1.1:
  version "3.1.2"
  resolved "https://registry.yarnpkg.com/escalade/-/escalade-3.1.2.tgz#54076e9ab29ea5bf3d8f1ed62acffbb88272df27"
  integrity sha512-ErCHMCae19vR8vQGe50xIsVomy19rg6gFu3+r3jkEO46suLMWBksvVyoGgQV+jOfl84ZSOSlmv6Gxa89PmTGmA==

escape-string-regexp@^4.0.0:
  version "4.0.0"
  resolved "https://registry.yarnpkg.com/escape-string-regexp/-/escape-string-regexp-4.0.0.tgz#14ba83a5d373e3d311e5afca29cf5bfad965bf34"
  integrity sha512-TtpcNJ3XAzx3Gq8sWRzJaVajRs0uVxA2YAkdb1jm2YkPz4G6egUFAyA3n5vtEIZefPk5Wa4UXbKuS5fKkJWdgA==

get-caller-file@^2.0.5:
  version "2.0.5"
  resolved "https://registry.yarnpkg.com/get-caller-file/-/get-caller-file-2.0.5.tgz#4f94412a82db32f36e3b0b9741f8a97feb031f7e"
  integrity sha512-DyFP3BM/3YHTQOCUL/w0OZHR0lpKeGrxotcHWcqNEdnltqFwXVfhEBQ94eIo34AfQpo0rGki4cyIiftY06h2Fg==

is-fullwidth-code-point@^3.0.0:
  version "3.0.0"
  resolved "https://registry.yarnpkg.com/is-fullwidth-code-point/-/is-fullwidth-code-point-3.0.0.tgz#f116f8064fe90b3f7844a38997c0b75051269f1d"
  integrity sha512-zymm5+u+sCsSWyD9qNaejV3DFvhCKclKdizYaJUuHA83RLjb7nSuGnddCHGv0hk+KY7BMAlsWeK4Ueg6EV6XQg==

ms@2.0.0:
  version "2.0.0"
  resolved "https://registry.yarnpkg.com/ms/-/ms-2.0.0.tgz#5608aeadfc00be6c2901df5f9861788de0d597c8"
  integrity sha512-Tpp60P6IUJDTuOq/5Z8cdskzJujfwqfOTkrwIwj7IRISpnkJnT6SyJ4PCPnGMoFjC9ddhal5KVIYtAt97ix05A==

path-browserify@^1.0.1:
  version "1.0.1"
  resolved "https://registry.yarnpkg.com/path-browserify/-/path-browserify-1.0.1.tgz#d98454a9c3753d5790860f16f68867b9e46be1fd"
  integrity sha512-b7uo2UCUOYZcnF/3ID0lulOJi/bafxa1xPe7ZPsammBSpjSWQkjNxlt635YGS2MiR9GjvuXCtz2emr3jbsz98g==

require-directory@^2.1.1:
  version "2.1.1"
  resolved "https://registry.yarnpkg.com/require-directory/-/require-directory-2.1.1.tgz#8c64ad5fd30dab1c976e2344ffe7f792a6a6df42"
  integrity sha512-fGxEI7+wsG9xrvdjsrlmL22OMTTiHRwAMroiEeMgq8gzoLC/PQr7RsRDSTLUg/bZAZtF+TVIkHc6/4RIKrui+Q==

semver@^7.5.2:
  version "7.6.2"
  resolved "https://registry.yarnpkg.com/semver/-/semver-7.6.2.tgz#1e3b34759f896e8f14d6134732ce798aeb0c6e13"
  integrity sha512-FNAIBWCx9qcRhoHcgcJ0gvU7SN1lYU2ZXuSfl04bSC5OpvDHFyJCjdNHomPXxjQlCBU67YW64PzY7/VIEH7F2w==

silent-error@^1.1.1:
  version "1.1.1"
  resolved "https://registry.yarnpkg.com/silent-error/-/silent-error-1.1.1.tgz#f72af5b0d73682a2ba1778b7e32cd8aa7c2d8662"
  integrity sha512-n4iEKyNcg4v6/jpb3c0/iyH2G1nzUNl7Gpqtn/mHIJK9S/q/7MCfoO4rwVOoO59qPFIc0hVHvMbiOJ0NdtxKKw==
  dependencies:
    debug "^2.2.0"

simple-html-tokenizer@^0.5.11:
  version "0.5.11"
  resolved "https://registry.yarnpkg.com/simple-html-tokenizer/-/simple-html-tokenizer-0.5.11.tgz#4c5186083c164ba22a7b477b7687ac056ad6b1d9"
  integrity sha512-C2WEK/Z3HoSFbYq8tI7ni3eOo/NneSPRoPpcM7WdLjFOArFuyXEjAoCdOC3DgMfRyziZQ1hCNR4mrNdWEvD0og==

string-width@^4.1.0, string-width@^4.2.0, string-width@^4.2.3:
  version "4.2.3"
  resolved "https://registry.yarnpkg.com/string-width/-/string-width-4.2.3.tgz#269c7117d27b05ad2e536830a8ec895ef9c6d010"
  integrity sha512-wKyQRQpjJ0sIp62ErSZdGsjMJWsap5oRNihHhu6G7JVO/9jIB6UyevL+tXuOqrng8j/cxKTWyWUwvSTriiZz/g==
  dependencies:
    emoji-regex "^8.0.0"
    is-fullwidth-code-point "^3.0.0"
    strip-ansi "^6.0.1"

strip-ansi@^6.0.0, strip-ansi@^6.0.1:
  version "6.0.1"
  resolved "https://registry.yarnpkg.com/strip-ansi/-/strip-ansi-6.0.1.tgz#9e26c63d30f53443e9489495b2105d37b67a85d9"
  integrity sha512-Y38VPSHcqkFrCpFnQ9vuSXmquuv5oXOKpGeT6aGrr3o3Gc9AlVa6JBfUSOCnbxGGZF+/0ooI7KrPuUSztUdU5A==
  dependencies:
    ansi-regex "^5.0.1"

typescript@>=5.4.0:
  version "5.5.3"
  resolved "https://registry.yarnpkg.com/typescript/-/typescript-5.5.3.tgz#e1b0a3c394190838a0b168e771b0ad56a0af0faa"
  integrity sha512-/hreyEujaB0w76zKo6717l3L0o/qEUtRgdvUBvlkhoWeOVMjMuHNHk0BRBzikzuGDqNmPQbg5ifMEqsHLiIUcQ==

uuid@^8.3.2:
  version "8.3.2"
  resolved "https://registry.yarnpkg.com/uuid/-/uuid-8.3.2.tgz#80d5b5ced271bb9af6c445f21a1a04c606cefbe2"
  integrity sha512-+NYs2QeMWy+GWFOEm9xnn6HCDp0l7QBD7ml8zLUmJ+93Q5NF0NocErnwkTkXVFNiX3/fpC6afS8Dhb/gz7R7eg==

vscode-jsonrpc@8.1.0:
  version "8.1.0"
  resolved "https://registry.yarnpkg.com/vscode-jsonrpc/-/vscode-jsonrpc-8.1.0.tgz#cb9989c65e219e18533cc38e767611272d274c94"
  integrity sha512-6TDy/abTQk+zDGYazgbIPc+4JoXdwC8NHU9Pbn4UJP1fehUyZmM4RHp5IthX7A6L5KS30PRui+j+tbbMMMafdw==

vscode-languageserver-protocol@3.17.3:
  version "3.17.3"
  resolved "https://registry.yarnpkg.com/vscode-languageserver-protocol/-/vscode-languageserver-protocol-3.17.3.tgz#6d0d54da093f0c0ee3060b81612cce0f11060d57"
  integrity sha512-924/h0AqsMtA5yK22GgMtCYiMdCOtWTSGgUOkgEDX+wk2b0x4sAfLiO4NxBxqbiVtz7K7/1/RgVrVI0NClZwqA==
  dependencies:
    vscode-jsonrpc "8.1.0"
    vscode-languageserver-types "3.17.3"

vscode-languageserver-textdocument@^1.0.5:
  version "1.0.11"
  resolved "https://registry.yarnpkg.com/vscode-languageserver-textdocument/-/vscode-languageserver-textdocument-1.0.11.tgz#0822a000e7d4dc083312580d7575fe9e3ba2e2bf"
  integrity sha512-X+8T3GoiwTVlJbicx/sIAF+yuJAqz8VvwJyoMVhwEMoEKE/fkDmrqUgDMyBECcM2A2frVZIUj5HI/ErRXCfOeA==

vscode-languageserver-types@3.17.3:
  version "3.17.3"
  resolved "https://registry.yarnpkg.com/vscode-languageserver-types/-/vscode-languageserver-types-3.17.3.tgz#72d05e47b73be93acb84d6e311b5786390f13f64"
  integrity sha512-SYU4z1dL0PyIMd4Vj8YOqFvHu7Hz/enbWtpfnVbJHU4Nd1YNYx8u0ennumc6h48GQNeOLxmwySmnADouT/AuZA==

vscode-languageserver@^8.0.1:
  version "8.1.0"
  resolved "https://registry.yarnpkg.com/vscode-languageserver/-/vscode-languageserver-8.1.0.tgz#5024253718915d84576ce6662dd46a791498d827"
  integrity sha512-eUt8f1z2N2IEUDBsKaNapkz7jl5QpskN2Y0G01T/ItMxBxw1fJwvtySGB9QMecatne8jFIWJGWI61dWjyTLQsw==
  dependencies:
    vscode-languageserver-protocol "3.17.3"

vscode-uri@^3.0.8:
  version "3.0.8"
  resolved "https://registry.yarnpkg.com/vscode-uri/-/vscode-uri-3.0.8.tgz#1770938d3e72588659a172d0fd4642780083ff9f"
  integrity sha512-AyFQ0EVmsOZOlAnxoFOGOq1SQDWAB7C6aqMGS23svWAllfOaxbuFvcT8D1i8z3Gyn8fraVeZNNmN6e9bxxXkKw==

wrap-ansi@^7.0.0:
  version "7.0.0"
  resolved "https://registry.yarnpkg.com/wrap-ansi/-/wrap-ansi-7.0.0.tgz#67e145cff510a6a6984bdf1152911d69d2eb9e43"
  integrity sha512-YVGIj2kamLSTxw6NsZjoBxfSwsn0ycdesmc4p+Q21c5zPuZ1pl+NfxVdxPtdHvmNVOQ6XSYG4AUtyt/Fi7D16Q==
  dependencies:
    ansi-styles "^4.0.0"
    string-width "^4.1.0"
    strip-ansi "^6.0.0"

y18n@^5.0.5:
  version "5.0.8"
  resolved "https://registry.yarnpkg.com/y18n/-/y18n-5.0.8.tgz#7f4934d0f7ca8c56f95314939ddcd2dd91ce1d55"
  integrity sha512-0pfFzegeDWJHJIAmTLRP2DwHjdF5s7jo9tuztdQxAhINCdvS+3nGINqPd00AphqJR/0LhANUS6/+7SCb98YOfA==

yargs-parser@^21.1.1:
  version "21.1.1"
  resolved "https://registry.yarnpkg.com/yargs-parser/-/yargs-parser-21.1.1.tgz#9096bceebf990d21bb31fa9516e0ede294a77d35"
  integrity sha512-tVpsJW7DdjecAiFpbIB1e3qxIQsE6NoPc5/eTdrbbIC4h0LVsWhnoa3g+m2HclBIujHzsxZ4VJVA+GUuc2/LBw==

yargs@^17.5.1:
  version "17.7.2"
  resolved "https://registry.yarnpkg.com/yargs/-/yargs-17.7.2.tgz#991df39aca675a192b816e1e0363f9d75d2aa269"
  integrity sha512-7dSzzRQ++CKnNI/krKnYRV7JKKPUXMEh61soaHKg9mrWEhzFWhFnxPxGl+69cD1Ou63C13NUPCnmIcrvqCuM6w==
  dependencies:
    cliui "^8.0.1"
    escalade "^3.1.1"
    get-caller-file "^2.0.5"
    require-directory "^2.1.1"
    string-width "^4.2.3"
    y18n "^5.0.5"
    yargs-parser "^21.1.1"
